<?xml version="1.0" encoding="utf-8"?>
<Project ToolsVersion="4.0" xmlns="http://schemas.microsoft.com/developer/msbuild/2003">
  <ItemGroup>
    <Filter Include="Source Files">
      <UniqueIdentifier>{4FC737F1-C7A5-4376-A066-2A32D752A2FF}</UniqueIdentifier>
      <Extensions>cpp;c;cc;cxx;def;odl;idl;hpj;bat;asm;asmx</Extensions>
    </Filter>
    <Filter Include="Header Files">
      <UniqueIdentifier>{93995380-89BD-4b04-88EB-625FBE52EBFB}</UniqueIdentifier>
      <Extensions>h;hh;hpp;hxx;hm;inl;inc;xsd</Extensions>
    </Filter>
    <Filter Include="Resource Files">
      <UniqueIdentifier>{67DA6AB6-F800-4c08-8B7A-83BB121AAD01}</UniqueIdentifier>
      <Extensions>rc;ico;cur;bmp;dlg;rc2;rct;bin;rgs;gif;jpg;jpeg;jpe;resx;tiff;tif;png;wav</Extensions>
    </Filter>
    <Filter Include="Source Files\Greedy">
      <UniqueIdentifier>{4b7d4158-a26d-4f76-93d7-316786e556e2}</UniqueIdentifier>
    </Filter>
    <Filter Include="Source Files\BruteForce">
      <UniqueIdentifier>{9342e5f5-8014-4eeb-8fff-1a9f2dd292e3}</UniqueIdentifier>
    </Filter>
    <Filter Include="Source Files\Data Structure">
      <UniqueIdentifier>{eedf7ea9-22fe-4ffb-b65f-ef2baa65ac2b}</UniqueIdentifier>
    </Filter>
    <Filter Include="Source Files\DP">
      <UniqueIdentifier>{365e0198-ba9c-4447-8b86-dcd74cd7507b}</UniqueIdentifier>
    </Filter>
  </ItemGroup>
  <ItemGroup>
    <ClCompile Include="10773.cpp">
      <Filter>Source Files\Data Structure</Filter>
    </ClCompile>
    <ClCompile Include="2304.cpp">
      <Filter>Source Files\Data Structure</Filter>
    </ClCompile>
    <ClCompile Include="2304_BruteForce.cpp">
      <Filter>Source Files\BruteForce</Filter>
    </ClCompile>
    <ClCompile Include="17299.cpp">
      <Filter>Source Files\Data Structure</Filter>
    </ClCompile>
    <ClCompile Include="2748.cpp">
      <Filter>Source Files\DP</Filter>
    </ClCompile>
  </ItemGroup>
</Project>